
Microsoft Visual Studio Solution File, Format Version 12.00
# Visual Studio Version 17
VisualStudioVersion = 17.3.32929.385
MinimumVisualStudioVersion = 10.0.40219.1
Project("{FAE04EC0-301F-11D3-BF4B-00C04F79EFBC}") = "WebApplication2", "WebApplication2\WebApplication2.csproj", "{AA6349C3-8589-4FE0-B9CF-66A7613E776E}"
EndProject
Global
	GlobalSection(SolutionConfigurationPlatforms) = preSolution
		Debug|Any CPU = Debug|Any CPU
		Release|Any CPU = Release|Any CPU
	EndGlobalSection
	GlobalSection(ProjectConfigurationPlatforms) = postSolution
		{AA6349C3-8589-4FE0-B9CF-66A7613E776E}.Debug|Any CPU.ActiveCfg = Debug|Any CPU
		{AA6349C3-8589-4FE0-B9CF-66A7613E776E}.Debug|Any CPU.Build.0 = Debug|Any CPU
		{AA6349C3-8589-4FE0-B9CF-66A7613E776E}.Release|Any CPU.ActiveCfg = Release|Any CPU
		{AA6349C3-8589-4FE0-B9CF-66A7613E776E}.Release|Any CPU.Build.0 = Release|Any CPU
	EndGlobalSection
	GlobalSection(SolutionProperties) = preSolution
		HideSolutionNode = FALSE
	EndGlobalSection
	GlobalSection(ExtensibilityGlobals) = postSolution
		SolutionGuid = {A2F93C87-E27A-4E18-9D58-B86C0D98A241}
	EndGlobalSection
EndGlobal
